// !$*UTF8*$!
{
	archiveVersion = 1;
	classes = {
	};
	objectVersion = 56;
	objects = {

/* Begin PBXBuildFile section */
		B23833072A01941600A120C9 /* AppDelegate.swift in Sources */ = {isa = PBXBuildFile; fileRef = B23833062A01941600A120C9 /* AppDelegate.swift */; };
		B23833092A01941600A120C9 /* SceneDelegate.swift in Sources */ = {isa = PBXBuildFile; fileRef = B23833082A01941600A120C9 /* SceneDelegate.swift */; };
		B238330B2A01941600A120C9 /* ViewController.swift in Sources */ = {isa = PBXBuildFile; fileRef = B238330A2A01941600A120C9 /* ViewController.swift */; };
		B238330E2A01941600A120C9 /* Main.storyboard in Resources */ = {isa = PBXBuildFile; fileRef = B238330C2A01941600A120C9 /* Main.storyboard */; };
		B23833102A01941800A120C9 /* Assets.xcassets in Resources */ = {isa = PBXBuildFile; fileRef = B238330F2A01941800A120C9 /* Assets.xcassets */; };
		B23833132A01941800A120C9 /* LaunchScreen.storyboard in Resources */ = {isa = PBXBuildFile; fileRef = B23833112A01941800A120C9 /* LaunchScreen.storyboard */; };
		B238331E2A01941800A120C9 /* video_playerTests.swift in Sources */ = {isa = PBXBuildFile; fileRef = B238331D2A01941800A120C9 /* video_playerTests.swift */; };
		B23833282A01941800A120C9 /* video_playerUITests.swift in Sources */ = {isa = PBXBuildFile; fileRef = B23833272A01941800A120C9 /* video_playerUITests.swift */; };
		B238332A2A01941800A120C9 /* video_playerUITestsLaunchTests.swift in Sources */ = {isa = PBXBuildFile; fileRef = B23833292A01941800A120C9 /* video_playerUITestsLaunchTests.swift */; };
/* End PBXBuildFile section */

/* Begin PBXContainerItemProxy section */
		B238331A2A01941800A120C9 /* PBXContainerItemProxy */ = {
			isa = PBXContainerItemProxy;
			containerPortal = B23832FB2A01941600A120C9 /* Project object */;
			proxyType = 1;
			remoteGlobalIDString = B23833022A01941600A120C9;
			remoteInfo = video_player;
		};
		B23833242A01941800A120C9 /* PBXContainerItemProxy */ = {
			isa = PBXContainerItemProxy;
			containerPortal = B23832FB2A01941600A120C9 /* Project object */;
			proxyType = 1;
			remoteGlobalIDString = B23833022A01941600A120C9;
			remoteInfo = video_player;
		};
/* End PBXContainerItemProxy section */

/* Begin PBXFileReference section */
		B23833032A01941600A120C9 /* video_player.app */ = {isa = PBXFileReference; explicitFileType = wrapper.application; includeInIndex = 0; path = video_player.app; sourceTree = BUILT_PRODUCTS_DIR; };
		B23833062A01941600A120C9 /* AppDelegate.swift */ = {isa = PBXFileReference; lastKnownFileType = sourcecode.swift; path = AppDelegate.swift; sourceTree = "<group>"; };
		B23833082A01941600A120C9 /* SceneDelegate.swift */ = {isa = PBXFileReference; lastKnownFileType = sourcecode.swift; path = SceneDelegate.swift; sourceTree = "<group>"; };
		B238330A2A01941600A120C9 /* ViewController.swift */ = {isa = PBXFileReference; lastKnownFileType = sourcecode.swift; path = ViewController.swift; sourceTree = "<group>"; };
		B238330D2A01941600A120C9 /* Base */ = {isa = PBXFileReference; lastKnownFileType = file.storyboard; name = Base; path = Base.lproj/Main.storyboard; sourceTree = "<group>"; };
		B238330F2A01941800A120C9 /* Assets.xcassets */ = {isa = PBXFileReference; lastKnownFileType = folder.assetcatalog; path = Assets.xcassets; sourceTree = "<group>"; };
		B23833122A01941800A120C9 /* Base */ = {isa = PBXFileReference; lastKnownFileType = file.storyboard; name = Base; path = Base.lproj/LaunchScreen.storyboard; sourceTree = "<group>"; };
		B23833142A01941800A120C9 /* Info.plist */ = {isa = PBXFileReference; lastKnownFileType = text.plist.xml; path = Info.plist; sourceTree = "<group>"; };
		B23833192A01941800A120C9 /* video_playerTests.xctest */ = {isa = PBXFileReference; explicitFileType = wrapper.cfbundle; includeInIndex = 0; path = video_playerTests.xctest; sourceTree = BUILT_PRODUCTS_DIR; };
		B238331D2A01941800A120C9 /* video_playerTests.swift */ = {isa = PBXFileReference; lastKnownFileType = sourcecode.swift; path = video_playerTests.swift; sourceTree = "<group>"; };
		B23833232A01941800A120C9 /* video_playerUITests.xctest */ = {isa = PBXFileReference; explicitFileType = wrapper.cfbundle; includeInIndex = 0; path = video_playerUITests.xctest; sourceTree = BUILT_PRODUCTS_DIR; };
		B23833272A01941800A120C9 /* video_playerUITests.swift */ = {isa = PBXFileReference; lastKnownFileType = sourcecode.swift; path = video_playerUITests.swift; sourceTree = "<group>"; };
		B23833292A01941800A120C9 /* video_playerUITestsLaunchTests.swift */ = {isa = PBXFileReference; lastKnownFileType = sourcecode.swift; path = video_playerUITestsLaunchTests.swift; sourceTree = "<group>"; };
/* End PBXFileReference section */

/* Begin PBXFrameworksBuildPhase section */
		B23833002A01941600A120C9 /* Frameworks */ = {
			isa = PBXFrameworksBuildPhase;
			buildActionMask = 2147483647;
			files = (
			);
			runOnlyForDeploymentPostprocessing = 0;
		};
		B23833162A01941800A120C9 /* Frameworks */ = {
			isa = PBXFrameworksBuildPhase;
			buildActionMask = 2147483647;
			files = (
			);
			runOnlyForDeploymentPostprocessing = 0;
		};
		B23833202A01941800A120C9 /* Frameworks */ = {
			isa = PBXFrameworksBuildPhase;
			buildActionMask = 2147483647;
			files = (
			);
			runOnlyForDeploymentPostprocessing = 0;
		};
/* End PBXFrameworksBuildPhase section */

/* Begin PBXGroup section */
		B23832FA2A01941600A120C9 = {
			isa = PBXGroup;
			children = (
				B23833052A01941600A120C9 /* video_player */,
				B238331C2A01941800A120C9 /* video_playerTests */,
				B23833262A01941800A120C9 /* video_playerUITests */,
				B23833042A01941600A120C9 /* Products */,
			);
			sourceTree = "<group>";
		};
		B23833042A01941600A120C9 /* Products */ = {
			isa = PBXGroup;
			children = (
				B23833032A01941600A120C9 /* video_player.app */,
				B23833192A01941800A120C9 /* video_playerTests.xctest */,
				B23833232A01941800A120C9 /* video_playerUITests.xctest */,
			);
			name = Products;
			sourceTree = "<group>";
		};
		B23833052A01941600A120C9 /* video_player */ = {
			isa = PBXGroup;
			children = (
				B23833062A01941600A120C9 /* AppDelegate.swift */,
				B23833082A01941600A120C9 /* SceneDelegate.swift */,
				B238330A2A01941600A120C9 /* ViewController.swift */,
				B238330C2A01941600A120C9 /* Main.storyboard */,
				B238330F2A01941800A120C9 /* Assets.xcassets */,
				B23833112A01941800A120C9 /* LaunchScreen.storyboard */,
				B23833142A01941800A120C9 /* Info.plist */,
			);
			path = video_player;
			sourceTree = "<group>";
		};
		B238331C2A01941800A120C9 /* video_playerTests */ = {
			isa = PBXGroup;
			children = (
				B238331D2A01941800A120C9 /* video_playerTests.swift */,
			);
			path = video_playerTests;
			sourceTree = "<group>";
		};
		B23833262A01941800A120C9 /* video_playerUITests */ = {
			isa = PBXGroup;
			children = (
				B23833272A01941800A120C9 /* video_playerUITests.swift */,
				B23833292A01941800A120C9 /* video_playerUITestsLaunchTests.swift */,
			);
			path = video_playerUITests;
			sourceTree = "<group>";
		};
/* End PBXGroup section */

/* Begin PBXNativeTarget section */
		B23833022A01941600A120C9 /* video_player */ = {
			isa = PBXNativeTarget;
			buildConfigurationList = B238332D2A01941800A120C9 /* Build configuration list for PBXNativeTarget "video_player" */;
			buildPhases = (
				B23832FF2A01941600A120C9 /* Sources */,
				B23833002A01941600A120C9 /* Frameworks */,
				B23833012A01941600A120C9 /* Resources */,
			);
			buildRules = (
			);
			dependencies = (
			);
			name = video_player;
			productName = video_player;
			productReference = B23833032A01941600A120C9 /* video_player.app */;
			productType = "com.apple.product-type.application";
		};
		B23833182A01941800A120C9 /* video_playerTests */ = {
			isa = PBXNativeTarget;
			buildConfigurationList = B23833302A01941800A120C9 /* Build configuration list for PBXNativeTarget "video_playerTests" */;
			buildPhases = (
				B23833152A01941800A120C9 /* Sources */,
				B23833162A01941800A120C9 /* Frameworks */,
				B23833172A01941800A120C9 /* Resources */,
			);
			buildRules = (
			);
			dependencies = (
				B238331B2A01941800A120C9 /* PBXTargetDependency */,
			);
			name = video_playerTests;
			productName = video_playerTests;
			productReference = B23833192A01941800A120C9 /* video_playerTests.xctest */;
			productType = "com.apple.product-type.bundle.unit-test";
		};
		B23833222A01941800A120C9 /* video_playerUITests */ = {
			isa = PBXNativeTarget;
			buildConfigurationList = B23833332A01941800A120C9 /* Build configuration list for PBXNativeTarget "video_playerUITests" */;
			buildPhases = (
				B238331F2A01941800A120C9 /* Sources */,
				B23833202A01941800A120C9 /* Frameworks */,
				B23833212A01941800A120C9 /* Resources */,
			);
			buildRules = (
			);
			dependencies = (
				B23833252A01941800A120C9 /* PBXTargetDependency */,
			);
			name = video_playerUITests;
			productName = video_playerUITests;
			productReference = B23833232A01941800A120C9 /* video_playerUITests.xctest */;
			productType = "com.apple.product-type.bundle.ui-testing";
		};
/* End PBXNativeTarget section */

/* Begin PBXProject section */
		B23832FB2A01941600A120C9 /* Project object */ = {
			isa = PBXProject;
			attributes = {
				BuildIndependentTargetsInParallel = 1;
				LastSwiftUpdateCheck = 1420;
				LastUpgradeCheck = 1420;
				TargetAttributes = {
					B23833022A01941600A120C9 = {
						CreatedOnToolsVersion = 14.2;
					};
					B23833182A01941800A120C9 = {
						CreatedOnToolsVersion = 14.2;
						TestTargetID = B23833022A01941600A120C9;
					};
					B23833222A01941800A120C9 = {
						CreatedOnToolsVersion = 14.2;
						TestTargetID = B23833022A01941600A120C9;
					};
				};
			};
			buildConfigurationList = B23832FE2A01941600A120C9 /* Build configuration list for PBXProject "video_player" */;
			compatibilityVersion = "Xcode 14.0";
			developmentRegion = en;
			hasScannedForEncodings = 0;
			knownRegions = (
				en,
				Base,
			);
			mainGroup = B23832FA2A01941600A120C9;
			productRefGroup = B23833042A01941600A120C9 /* Products */;
			projectDirPath = "";
			projectRoot = "";
			targets = (
				B23833022A01941600A120C9 /* video_player */,
				B23833182A01941800A120C9 /* video_playerTests */,
				B23833222A01941800A120C9 /* video_playerUITests */,
			);
		};
/* End PBXProject section */

/* Begin PBXResourcesBuildPhase section */
		B23833012A01941600A120C9 /* Resources */ = {
			isa = PBXResourcesBuildPhase;
			buildActionMask = 2147483647;
			files = (
				B23833132A01941800A120C9 /* LaunchScreen.storyboard in Resources */,
				B23833102A01941800A120C9 /* Assets.xcassets in Resources */,
				B238330E2A01941600A120C9 /* Main.storyboard in Resources */,
			);
			runOnlyForDeploymentPostprocessing = 0;
		};
		B23833172A01941800A120C9 /* Resources */ = {
			isa = PBXResourcesBuildPhase;
			buildActionMask = 2147483647;
			files = (
			);
			runOnlyForDeploymentPostprocessing = 0;
		};
		B23833212A01941800A120C9 /* Resources */ = {
			isa = PBXResourcesBuildPhase;
			buildActionMask = 2147483647;
			files = (
			);
			runOnlyForDeploymentPostprocessing = 0;
		};
/* End PBXResourcesBuildPhase section */

/* Begin PBXSourcesBuildPhase section */
		B23832FF2A01941600A120C9 /* Sources */ = {
			isa = PBXSourcesBuildPhase;
			buildActionMask = 2147483647;
			files = (
				B238330B2A01941600A120C9 /* ViewController.swift in Sources */,
				B23833072A01941600A120C9 /* AppDelegate.swift in Sources */,
				B23833092A01941600A120C9 /* SceneDelegate.swift in Sources */,
			);
			runOnlyForDeploymentPostprocessing = 0;
		};
		B23833152A01941800A120C9 /* Sources */ = {
			isa = PBXSourcesBuildPhase;
			buildActionMask = 2147483647;
			files = (
				B238331E2A01941800A120C9 /* video_playerTests.swift in Sources */,
			);
			runOnlyForDeploymentPostprocessing = 0;
		};
		B238331F2A01941800A120C9 /* Sources */ = {
			isa = PBXSourcesBuildPhase;
			buildActionMask = 2147483647;
			files = (
				B23833282A01941800A120C9 /* video_playerUITests.swift in Sources */,
				B238332A2A01941800A120C9 /* video_playerUITestsLaunchTests.swift in Sources */,
			);
			runOnlyForDeploymentPostprocessing = 0;
		};
/* End PBXSourcesBuildPhase section */

/* Begin PBXTargetDependency section */
		B238331B2A01941800A120C9 /* PBXTargetDependency */ = {
			isa = PBXTargetDependency;
			target = B23833022A01941600A120C9 /* video_player */;
			targetProxy = B238331A2A01941800A120C9 /* PBXContainerItemProxy */;
		};
		B23833252A01941800A120C9 /* PBXTargetDependency */ = {
			isa = PBXTargetDependency;
			target = B23833022A01941600A120C9 /* video_player */;
			targetProxy = B23833242A01941800A120C9 /* PBXContainerItemProxy */;
		};
/* End PBXTargetDependency section */

/* Begin PBXVariantGroup section */
		B238330C2A01941600A120C9 /* Main.storyboard */ = {
			isa = PBXVariantGroup;
			children = (
				B238330D2A01941600A120C9 /* Base */,
			);
			name = Main.storyboard;
			sourceTree = "<group>";
		};
		B23833112A01941800A120C9 /* LaunchScreen.storyboard */ = {
			isa = PBXVariantGroup;
			children = (
				B23833122A01941800A120C9 /* Base */,
			);
			name = LaunchScreen.storyboard;
			sourceTree = "<group>";
		};
/* End PBXVariantGroup section */

/* Begin XCBuildConfiguration section */
		B238332B2A01941800A120C9 /* Debug */ = {
			isa = XCBuildConfiguration;
			buildSettings = {
				ALWAYS_SEARCH_USER_PATHS = NO;
				CLANG_ANALYZER_NONNULL = YES;
				CLANG_ANALYZER_NUMBER_OBJECT_CONVERSION = YES_AGGRESSIVE;
				CLANG_CXX_LANGUAGE_STANDARD = "gnu++20";
				CLANG_ENABLE_MODULES = YES;
				CLANG_ENABLE_OBJC_ARC = YES;
				CLANG_ENABLE_OBJC_WEAK = YES;
				CLANG_WARN_BLOCK_CAPTURE_AUTORELEASING = YES;
				CLANG_WARN_BOOL_CONVERSION = YES;
				CLANG_WARN_COMMA = YES;
				CLANG_WARN_CONSTANT_CONVERSION = YES;
				CLANG_WARN_DEPRECATED_OBJC_IMPLEMENTATIONS = YES;
				CLANG_WARN_DIRECT_OBJC_ISA_USAGE = YES_ERROR;
				CLANG_WARN_DOCUMENTATION_COMMENTS = YES;
				CLANG_WARN_EMPTY_BODY = YES;
				CLANG_WARN_ENUM_CONVERSION = YES;
				CLANG_WARN_INFINITE_RECURSION = YES;
				CLANG_WARN_INT_CONVERSION = YES;
				CLANG_WARN_NON_LITERAL_NULL_CONVERSION = YES;
				CLANG_WARN_OBJC_IMPLICIT_RETAIN_SELF = YES;
				CLANG_WARN_OBJC_LITERAL_CONVERSION = YES;
				CLANG_WARN_OBJC_ROOT_CLASS = YES_ERROR;
				CLANG_WARN_QUOTED_INCLUDE_IN_FRAMEWORK_HEADER = YES;
				CLANG_WARN_RANGE_LOOP_ANALYSIS = YES;
				CLANG_WARN_STRICT_PROTOTYPES = YES;
				CLANG_WARN_SUSPICIOUS_MOVE = YES;
				CLANG_WARN_UNGUARDED_AVAILABILITY = YES_AGGRESSIVE;
				CLANG_WARN_UNREACHABLE_CODE = YES;
				CLANG_WARN__DUPLICATE_METHOD_MATCH = YES;
				COPY_PHASE_STRIP = NO;
				DEBUG_INFORMATION_FORMAT = dwarf;
				ENABLE_STRICT_OBJC_MSGSEND = YES;
				ENABLE_TESTABILITY = YES;
				GCC_C_LANGUAGE_STANDARD = gnu11;
				GCC_DYNAMIC_NO_PIC = NO;
				GCC_NO_COMMON_BLOCKS = YES;
				GCC_OPTIMIZATION_LEVEL = 0;
				GCC_PREPROCESSOR_DEFINITIONS = (
					"DEBUG=1",
					"$(inherited)",
				);
				GCC_WARN_64_TO_32_BIT_CONVERSION = YES;
				GCC_WARN_ABOUT_RETURN_TYPE = YES_ERROR;
				GCC_WARN_UNDECLARED_SELECTOR = YES;
				GCC_WARN_UNINITIALIZED_AUTOS = YES_AGGRESSIVE;
				GCC_WARN_UNUSED_FUNCTION = YES;
				GCC_WARN_UNUSED_VARIABLE = YES;
				IPHONEOS_DEPLOYMENT_TARGET = 16.2;
				MTL_ENABLE_DEBUG_INFO = INCLUDE_SOURCE;
				MTL_FAST_MATH = YES;
				ONLY_ACTIVE_ARCH = YES;
				SDKROOT = iphoneos;
				SWIFT_ACTIVE_COMPILATION_CONDITIONS = DEBUG;
				SWIFT_OPTIMIZATION_LEVEL = "-Onone";
			};
			name = Debug;
		};
		B238332C2A01941800A120C9 /* Release */ = {
			isa = XCBuildConfiguration;
			buildSettings = {
				ALWAYS_SEARCH_USER_PATHS = NO;
				CLANG_ANALYZER_NONNULL = YES;
				CLANG_ANALYZER_NUMBER_OBJECT_CONVERSION = YES_AGGRESSIVE;
				CLANG_CXX_LANGUAGE_STANDARD = "gnu++20";
				CLANG_ENABLE_MODULES = YES;
				CLANG_ENABLE_OBJC_ARC = YES;
				CLANG_ENABLE_OBJC_WEAK = YES;
				CLANG_WARN_BLOCK_CAPTURE_AUTORELEASING = YES;
				CLANG_WARN_BOOL_CONVERSION = YES;
				CLANG_WARN_COMMA = YES;
				CLANG_WARN_CONSTANT_CONVERSION = YES;
				CLANG_WARN_DEPRECATED_OBJC_IMPLEMENTATIONS = YES;
				CLANG_WARN_DIRECT_OBJC_ISA_USAGE = YES_ERROR;
				CLANG_WARN_DOCUMENTATION_COMMENTS = YES;
				CLANG_WARN_EMPTY_BODY = YES;
				CLANG_WARN_ENUM_CONVERSION = YES;
				CLANG_WARN_INFINITE_RECURSION = YES;
				CLANG_WARN_INT_CONVERSION = YES;
				CLANG_WARN_NON_LITERAL_NULL_CONVERSION = YES;
				CLANG_WARN_OBJC_IMPLICIT_RETAIN_SELF = YES;
				CLANG_WARN_OBJC_LITERAL_CONVERSION = YES;
				CLANG_WARN_OBJC_ROOT_CLASS = YES_ERROR;
				CLANG_WARN_QUOTED_INCLUDE_IN_FRAMEWORK_HEADER = YES;
				CLANG_WARN_RANGE_LOOP_ANALYSIS = YES;
				CLANG_WARN_STRICT_PROTOTYPES = YES;
				CLANG_WARN_SUSPICIOUS_MOVE = YES;
				CLANG_WARN_UNGUARDED_AVAILABILITY = YES_AGGRESSIVE;
				CLANG_WARN_UNREACHABLE_CODE = YES;
				CLANG_WARN__DUPLICATE_METHOD_MATCH = YES;
				COPY_PHASE_STRIP = NO;
				DEBUG_INFORMATION_FORMAT = "dwarf-with-dsym";
				ENABLE_NS_ASSERTIONS = NO;
				ENABLE_STRICT_OBJC_MSGSEND = YES;
				GCC_C_LANGUAGE_STANDARD = gnu11;
				GCC_NO_COMMON_BLOCKS = YES;
				GCC_WARN_64_TO_32_BIT_CONVERSION = YES;
				GCC_WARN_ABOUT_RETURN_TYPE = YES_ERROR;
				GCC_WARN_UNDECLARED_SELECTOR = YES;
				GCC_WARN_UNINITIALIZED_AUTOS = YES_AGGRESSIVE;
				GCC_WARN_UNUSED_FUNCTION = YES;
				GCC_WARN_UNUSED_VARIABLE = YES;
				IPHONEOS_DEPLOYMENT_TARGET = 16.2;
				MTL_ENABLE_DEBUG_INFO = NO;
				MTL_FAST_MATH = YES;
				SDKROOT = iphoneos;
				SWIFT_COMPILATION_MODE = wholemodule;
				SWIFT_OPTIMIZATION_LEVEL = "-O";
				VALIDATE_PRODUCT = YES;
			};
			name = Release;
		};
		B238332E2A01941800A120C9 /* Debug */ = {
			isa = XCBuildConfiguration;
			buildSettings = {
				ASSETCATALOG_COMPILER_APPICON_NAME = AppIcon;
				ASSETCATALOG_COMPILER_GLOBAL_ACCENT_COLOR_NAME = AccentColor;
				CODE_SIGN_STYLE = Automatic;
				CURRENT_PROJECT_VERSION = 1;
				GENERATE_INFOPLIST_FILE = YES;
				INFOPLIST_FILE = video_player/Info.plist;
				INFOPLIST_KEY_UIApplicationSupportsIndirectInputEvents = YES;
				INFOPLIST_KEY_UILaunchStoryboardName = LaunchScreen;
				INFOPLIST_KEY_UIMainStoryboardFile = Main;
				INFOPLIST_KEY_UISupportedInterfaceOrientations_iPad = "UIInterfaceOrientationPortrait UIInterfaceOrientationPortraitUpsideDown UIInterfaceOrientationLandscapeLeft UIInterfaceOrientationLandscapeRight";
				INFOPLIST_KEY_UISupportedInterfaceOrientations_iPhone = "UIInterfaceOrientationPortrait UIInterfaceOrientationLandscapeLeft UIInterfaceOrientationLandscapeRight";
				LD_RUNPATH_SEARCH_PATHS = (
					"$(inherited)",
					"@executable_path/Frameworks",
				);
				MARKETING_VERSION = 1.0;
				PRODUCT_BUNDLE_IDENTIFIER = "com.sample.video-player";
				PRODUCT_NAME = "$(TARGET_NAME)";
				SWIFT_EMIT_LOC_STRINGS = YES;
				SWIFT_VERSION = 5.0;
				TARGETED_DEVICE_FAMILY = "1,2";
			};
			name = Debug;
		};
		B238332F2A01941800A120C9 /* Release */ = {
			isa = XCBuildConfiguration;
			buildSettings = {
				ASSETCATALOG_COMPILER_APPICON_NAME = AppIcon;
				ASSETCATALOG_COMPILER_GLOBAL_ACCENT_COLOR_NAME = AccentColor;
				CODE_SIGN_STYLE = Automatic;
				CURRENT_PROJECT_VERSION = 1;
				GENERATE_INFOPLIST_FILE = YES;
				INFOPLIST_FILE = video_player/Info.plist;
				INFOPLIST_KEY_UIApplicationSupportsIndirectInputEvents = YES;
				INFOPLIST_KEY_UILaunchStoryboardName = LaunchScreen;
				INFOPLIST_KEY_UIMainStoryboardFile = Main;
				INFOPLIST_KEY_UISupportedInterfaceOrientations_iPad = "UIInterfaceOrientationPortrait UIInterfaceOrientationPortraitUpsideDown UIInterfaceOrientationLandscapeLeft UIInterfaceOrientationLandscapeRight";
				INFOPLIST_KEY_UISupportedInterfaceOrientations_iPhone = "UIInterfaceOrientationPortrait UIInterfaceOrientationLandscapeLeft UIInterfaceOrientationLandscapeRight";
				LD_RUNPATH_SEARCH_PATHS = (
					"$(inherited)",
					"@executable_path/Frameworks",
				);
				MARKETING_VERSION = 1.0;
				PRODUCT_BUNDLE_IDENTIFIER = "com.sample.video-player";
				PRODUCT_NAME = "$(TARGET_NAME)";
				SWIFT_EMIT_LOC_STRINGS = YES;
				SWIFT_VERSION = 5.0;
				TARGETED_DEVICE_FAMILY = "1,2";
			};
			name = Release;
		};
		B23833312A01941800A120C9 /* Debug */ = {
			isa = XCBuildConfiguration;
			buildSettings = {
				ALWAYS_EMBED_SWIFT_STANDARD_LIBRARIES = YES;
				BUNDLE_LOADER = "$(TEST_HOST)";
				CODE_SIGN_STYLE = Automatic;
				CURRENT_PROJECT_VERSION = 1;
				GENERATE_INFOPLIST_FILE = YES;
				IPHONEOS_DEPLOYMENT_TARGET = 16.2;
				MARKETING_VERSION = 1.0;
				PRODUCT_BUNDLE_IDENTIFIER = "com.sample.video-playerTests";
				PRODUCT_NAME = "$(TARGET_NAME)";
				SWIFT_EMIT_LOC_STRINGS = NO;
				SWIFT_VERSION = 5.0;
				TARGETED_DEVICE_FAMILY = "1,2";
				TEST_HOST = "$(BUILT_PRODUCTS_DIR)/video_player.app/$(BUNDLE_EXECUTABLE_FOLDER_PATH)/video_player";
			};
			name = Debug;
		};
		B23833322A01941800A120C9 /* Release */ = {
			isa = XCBuildConfiguration;
			buildSettings = {
				ALWAYS_EMBED_SWIFT_STANDARD_LIBRARIES = YES;
				BUNDLE_LOADER = "$(TEST_HOST)";
				CODE_SIGN_STYLE = Automatic;
				CURRENT_PROJECT_VERSION = 1;
				GENERATE_INFOPLIST_FILE = YES;
				IPHONEOS_DEPLOYMENT_TARGET = 16.2;
				MARKETING_VERSION = 1.0;
				PRODUCT_BUNDLE_IDENTIFIER = "com.sample.video-playerTests";
				PRODUCT_NAME = "$(TARGET_NAME)";
				SWIFT_EMIT_LOC_STRINGS = NO;
				SWIFT_VERSION = 5.0;
				TARGETED_DEVICE_FAMILY = "1,2";
				TEST_HOST = "$(BUILT_PRODUCTS_DIR)/video_player.app/$(BUNDLE_EXECUTABLE_FOLDER_PATH)/video_player";
			};
			name = Release;
		};
		B23833342A01941800A120C9 /* Debug */ = {
			isa = XCBuildConfiguration;
			buildSettings = {
				ALWAYS_EMBED_SWIFT_STANDARD_LIBRARIES = YES;
				CODE_SIGN_STYLE = Automatic;
				CURRENT_PROJECT_VERSION = 1;
				GENERATE_INFOPLIST_FILE = YES;
				MARKETING_VERSION = 1.0;
				PRODUCT_BUNDLE_IDENTIFIER = "com.sample.video-playerUITests";
				PRODUCT_NAME = "$(TARGET_NAME)";
				SWIFT_EMIT_LOC_STRINGS = NO;
				SWIFT_VERSION = 5.0;
				TARGETED_DEVICE_FAMILY = "1,2";
				TEST_TARGET_NAME = video_player;
			};
			name = Debug;
		};
		B23833352A01941800A120C9 /* Release */ = {
			isa = XCBuildConfiguration;
			buildSettings = {
				ALWAYS_EMBED_SWIFT_STANDARD_LIBRARIES = YES;
				CODE_SIGN_STYLE = Automatic;
				CURRENT_PROJECT_VERSION = 1;
				GENERATE_INFOPLIST_FILE = YES;
				MARKETING_VERSION = 1.0;
				PRODUCT_BUNDLE_IDENTIFIER = "com.sample.video-playerUITests";
				PRODUCT_NAME = "$(TARGET_NAME)";
				SWIFT_EMIT_LOC_STRINGS = NO;
				SWIFT_VERSION = 5.0;
				TARGETED_DEVICE_FAMILY = "1,2";
				TEST_TARGET_NAME = video_player;
			};
			name = Release;
		};
/* End XCBuildConfiguration section */

/* Begin XCConfigurationList section */
		B23832FE2A01941600A120C9 /* Build configuration list for PBXProject "video_player" */ = {
			isa = XCConfigurationList;
			buildConfigurations = (
				B238332B2A01941800A120C9 /* Debug */,
				B238332C2A01941800A120C9 /* Release */,
			);
			defaultConfigurationIsVisible = 0;
			defaultConfigurationName = Release;
		};
		B238332D2A01941800A120C9 /* Build configuration list for PBXNativeTarget "video_player" */ = {
			isa = XCConfigurationList;
			buildConfigurations = (
				B238332E2A01941800A120C9 /* Debug */,
				B238332F2A01941800A120C9 /* Release */,
			);
			defaultConfigurationIsVisible = 0;
			defaultConfigurationName = Release;
		};
		B23833302A01941800A120C9 /* Build configuration list for PBXNativeTarget "video_playerTests" */ = {
			isa = XCConfigurationList;
			buildConfigurations = (
				B23833312A01941800A120C9 /* Debug */,
				B23833322A01941800A120C9 /* Release */,
			);
			defaultConfigurationIsVisible = 0;
			defaultConfigurationName = Release;
		};
		B23833332A01941800A120C9 /* Build configuration list for PBXNativeTarget "video_playerUITests" */ = {
			isa = XCConfigurationList;
			buildConfigurations = (
				B23833342A01941800A120C9 /* Debug */,
				B23833352A01941800A120C9 /* Release */,
			);
			defaultConfigurationIsVisible = 0;
			defaultConfigurationName = Release;
		};
/* End XCConfigurationList section */
	};
	rootObject = B23832FB2A01941600A120C9 /* Project object */;
}
